Microsoft Visual Studio Solution File, Format Version 12.00
# Visual Studio Version 17
VisualStudioVersion = 17.0.32112.339
MinimumVisualStudioVersion = 10.0.40219.1
Project("{9A19103F-16F7-4668-BE54-9A1E7A4F7556}") = "ITProjectAPI", "ITProjectAPI\ITProjectAPI.csproj", "{6705EA09-E3C5-4033-86F5-BB58552E3DD5}"
EndProject
Project("{FAE04EC0-301F-11D3-BF4B-00C04F79EFBC}") = "ITProjectAPI.Tests", "ITProjectAPI.Tests\ITProjectAPI.Tests.csproj", "{B29FFC00-79EB-487A-885F-5F048F3C4983}"
EndProject
Global
	GlobalSection(SolutionConfigurationPlatforms) = preSolution
		Debug|Any CPU = Debug|Any CPU
		Release|Any CPU = Release|Any CPU
	EndGlobalSection
	GlobalSection(ProjectConfigurationPlatforms) = postSolution
		{6705EA09-E3C5-4033-86F5-BB58552E3DD5}.Debug|Any CPU.ActiveCfg = Debug|Any CPU
		{6705EA09-E3C5-4033-86F5-BB58552E3DD5}.Debug|Any CPU.Build.0 = Debug|Any CPU
		{6705EA09-E3C5-4033-86F5-BB58552E3DD5}.Release|Any CPU.ActiveCfg = Release|Any CPU
		{6705EA09-E3C5-4033-86F5-BB58552E3DD5}.Release|Any CPU.Build.0 = Release|Any CPU
		{B29FFC00-79EB-487A-885F-5F048F3C4983}.Debug|Any CPU.ActiveCfg = Debug|Any CPU
		{B29FFC00-79EB-487A-885F-5F048F3C4983}.Debug|Any CPU.Build.0 = Debug|Any CPU
		{B29FFC00-79EB-487A-885F-5F048F3C4983}.Release|Any CPU.ActiveCfg = Release|Any CPU
		{B29FFC00-79EB-487A-885F-5F048F3C4983}.Release|Any CPU.Build.0 = Release|Any CPU
	EndGlobalSection
	GlobalSection(SolutionProperties) = preSolution
		HideSolutionNode = FALSE
	EndGlobalSection
	GlobalSection(ExtensibilityGlobals) = postSolution
		SolutionGuid = {3966868C-BAC9-4FD2-8782-0BAC2E0348B8}
	EndGlobalSection
EndGlobal
